// !$*UTF8*$!
{
	archiveVersion = 1;
	classes = {
	};
	objectVersion = 50;
	objects = {

/* Begin PBXBuildFile section */
		9884A9AD25C4197200040293 /* SwiftUITutorial02App.swift in Sources */ = {isa = PBXBuildFile; fileRef = 9884A9AC25C4197200040293 /* SwiftUITutorial02App.swift */; };
		9884A9AF25C4197200040293 /* ContentView.swift in Sources */ = {isa = PBXBuildFile; fileRef = 9884A9AE25C4197200040293 /* ContentView.swift */; };
		9884A9B125C4197300040293 /* Assets.xcassets in Resources */ = {isa = PBXBuildFile; fileRef = 9884A9B025C4197300040293 /* Assets.xcassets */; };
		9884A9B425C4197300040293 /* Preview Assets.xcassets in Resources */ = {isa = PBXBuildFile; fileRef = 9884A9B325C4197300040293 /* Preview Assets.xcassets */; };
		9884A9BF25C4197300040293 /* SwiftUITutorial02Tests.swift in Sources */ = {isa = PBXBuildFile; fileRef = 9884A9BE25C4197300040293 /* SwiftUITutorial02Tests.swift */; };
		9884A9CA25C4197300040293 /* SwiftUITutorial02UITests.swift in Sources */ = {isa = PBXBuildFile; fileRef = 9884A9C925C4197300040293 /* SwiftUITutorial02UITests.swift */; };
		9884A9DC25C4198B00040293 /* CircleImage.swift in Sources */ = {isa = PBXBuildFile; fileRef = 9884A9DA25C4198B00040293 /* CircleImage.swift */; };
		9884A9DD25C4198B00040293 /* MapView.swift in Sources */ = {isa = PBXBuildFile; fileRef = 9884A9DB25C4198B00040293 /* MapView.swift */; };
		9884A9EF25C419FE00040293 /* landmarkData.json in Resources */ = {isa = PBXBuildFile; fileRef = 9884A9E225C419F900040293 /* landmarkData.json */; };
		9884AA0A25C41AB500040293 /* Landmark.swift in Sources */ = {isa = PBXBuildFile; fileRef = 9884AA0925C41AB500040293 /* Landmark.swift */; };
		9884AA1225C41B5600040293 /* ModelData.swift in Sources */ = {isa = PBXBuildFile; fileRef = 9884AA1125C41B5600040293 /* ModelData.swift */; };
		9884AA1925C41BF700040293 /* LandmarkRow.swift in Sources */ = {isa = PBXBuildFile; fileRef = 9884AA1825C41BF700040293 /* LandmarkRow.swift */; };
		9884AA1E25C41E5D00040293 /* LandmarkList.swift in Sources */ = {isa = PBXBuildFile; fileRef = 9884AA1D25C41E5D00040293 /* LandmarkList.swift */; };
		9884AA2325C41FB500040293 /* LandmarkDetail.swift in Sources */ = {isa = PBXBuildFile; fileRef = 9884AA2225C41FB500040293 /* LandmarkDetail.swift */; };
/* End PBXBuildFile section */

/* Begin PBXContainerItemProxy section */
		9884A9BB25C4197300040293 /* PBXContainerItemProxy */ = {
			isa = PBXContainerItemProxy;
			containerPortal = 9884A9A125C4197200040293 /* Project object */;
			proxyType = 1;
			remoteGlobalIDString = 9884A9A825C4197200040293;
			remoteInfo = SwiftUITutorial02;
		};
		9884A9C625C4197300040293 /* PBXContainerItemProxy */ = {
			isa = PBXContainerItemProxy;
			containerPortal = 9884A9A125C4197200040293 /* Project object */;
			proxyType = 1;
			remoteGlobalIDString = 9884A9A825C4197200040293;
			remoteInfo = SwiftUITutorial02;
		};
/* End PBXContainerItemProxy section */

/* Begin PBXFileReference section */
		9884A9A925C4197200040293 /* SwiftUITutorial02.app */ = {isa = PBXFileReference; explicitFileType = wrapper.application; includeInIndex = 0; path = SwiftUITutorial02.app; sourceTree = BUILT_PRODUCTS_DIR; };
		9884A9AC25C4197200040293 /* SwiftUITutorial02App.swift */ = {isa = PBXFileReference; lastKnownFileType = sourcecode.swift; path = SwiftUITutorial02App.swift; sourceTree = "<group>"; };
		9884A9AE25C4197200040293 /* ContentView.swift */ = {isa = PBXFileReference; lastKnownFileType = sourcecode.swift; path = ContentView.swift; sourceTree = "<group>"; };
		9884A9B025C4197300040293 /* Assets.xcassets */ = {isa = PBXFileReference; lastKnownFileType = folder.assetcatalog; path = Assets.xcassets; sourceTree = "<group>"; };
		9884A9B325C4197300040293 /* Preview Assets.xcassets */ = {isa = PBXFileReference; lastKnownFileType = folder.assetcatalog; path = "Preview Assets.xcassets"; sourceTree = "<group>"; };
		9884A9B525C4197300040293 /* Info.plist */ = {isa = PBXFileReference; lastKnownFileType = text.plist.xml; path = Info.plist; sourceTree = "<group>"; };
		9884A9BA25C4197300040293 /* SwiftUITutorial02Tests.xctest */ = {isa = PBXFileReference; explicitFileType = wrapper.cfbundle; includeInIndex = 0; path = SwiftUITutorial02Tests.xctest; sourceTree = BUILT_PRODUCTS_DIR; };
		9884A9BE25C4197300040293 /* SwiftUITutorial02Tests.swift */ = {isa = PBXFileReference; lastKnownFileType = sourcecode.swift; path = SwiftUITutorial02Tests.swift; sourceTree = "<group>"; };
		9884A9C025C4197300040293 /* Info.plist */ = {isa = PBXFileReference; lastKnownFileType = text.plist.xml; path = Info.plist; sourceTree = "<group>"; };
		9884A9C525C4197300040293 /* SwiftUITutorial02UITests.xctest */ = {isa = PBXFileReference; explicitFileType = wrapper.cfbundle; includeInIndex = 0; path = SwiftUITutorial02UITests.xctest; sourceTree = BUILT_PRODUCTS_DIR; };
		9884A9C925C4197300040293 /* SwiftUITutorial02UITests.swift */ = {isa = PBXFileReference; lastKnownFileType = sourcecode.swift; path = SwiftUITutorial02UITests.swift; sourceTree = "<group>"; };
		9884A9CB25C4197300040293 /* Info.plist */ = {isa = PBXFileReference; lastKnownFileType = text.plist.xml; path = Info.plist; sourceTree = "<group>"; };
		9884A9DA25C4198B00040293 /* CircleImage.swift */ = {isa = PBXFileReference; lastKnownFileType = sourcecode.swift; path = CircleImage.swift; sourceTree = "<group>"; };
		9884A9DB25C4198B00040293 /* MapView.swift */ = {isa = PBXFileReference; lastKnownFileType = sourcecode.swift; path = MapView.swift; sourceTree = "<group>"; };
		9884A9E225C419F900040293 /* landmarkData.json */ = {isa = PBXFileReference; lastKnownFileType = text.json; path = landmarkData.json; sourceTree = "<group>"; };
		9884AA0925C41AB500040293 /* Landmark.swift */ = {isa = PBXFileReference; lastKnownFileType = sourcecode.swift; path = Landmark.swift; sourceTree = "<group>"; };
		9884AA1125C41B5600040293 /* ModelData.swift */ = {isa = PBXFileReference; lastKnownFileType = sourcecode.swift; path = ModelData.swift; sourceTree = "<group>"; };
		9884AA1825C41BF700040293 /* LandmarkRow.swift */ = {isa = PBXFileReference; lastKnownFileType = sourcecode.swift; path = LandmarkRow.swift; sourceTree = "<group>"; };
		9884AA1D25C41E5D00040293 /* LandmarkList.swift */ = {isa = PBXFileReference; lastKnownFileType = sourcecode.swift; path = LandmarkList.swift; sourceTree = "<group>"; };
		9884AA2225C41FB500040293 /* LandmarkDetail.swift */ = {isa = PBXFileReference; lastKnownFileType = sourcecode.swift; path = LandmarkDetail.swift; sourceTree = "<group>"; };
/* End PBXFileReference section */

/* Begin PBXFrameworksBuildPhase section */
		9884A9A625C4197200040293 /* Frameworks */ = {
			isa = PBXFrameworksBuildPhase;
			buildActionMask = 2147483647;
			files = (
			);
			runOnlyForDeploymentPostprocessing = 0;
		};
		9884A9B725C4197300040293 /* Frameworks */ = {
			isa = PBXFrameworksBuildPhase;
			buildActionMask = 2147483647;
			files = (
			);
			runOnlyForDeploymentPostprocessing = 0;
		};
		9884A9C225C4197300040293 /* Frameworks */ = {
			isa = PBXFrameworksBuildPhase;
			buildActionMask = 2147483647;
			files = (
			);
			runOnlyForDeploymentPostprocessing = 0;
		};
/* End PBXFrameworksBuildPhase section */

/* Begin PBXGroup section */
		9884A9A025C4197200040293 = {
			isa = PBXGroup;
			children = (
				9884A9AB25C4197200040293 /* SwiftUITutorial02 */,
				9884A9BD25C4197300040293 /* SwiftUITutorial02Tests */,
				9884A9C825C4197300040293 /* SwiftUITutorial02UITests */,
				9884A9AA25C4197200040293 /* Products */,
			);
			sourceTree = "<group>";
		};
		9884A9AA25C4197200040293 /* Products */ = {
			isa = PBXGroup;
			children = (
				9884A9A925C4197200040293 /* SwiftUITutorial02.app */,
				9884A9BA25C4197300040293 /* SwiftUITutorial02Tests.xctest */,
				9884A9C525C4197300040293 /* SwiftUITutorial02UITests.xctest */,
			);
			name = Products;
			sourceTree = "<group>";
		};
		9884A9AB25C4197200040293 /* SwiftUITutorial02 */ = {
			isa = PBXGroup;
			children = (
				9884AA1625C41BAF00040293 /* Views */,
				9884AA1725C41BBF00040293 /* Model */,
				9884A9E125C419E500040293 /* Resources */,
				9884A9AC25C4197200040293 /* SwiftUITutorial02App.swift */,
				9884A9B025C4197300040293 /* Assets.xcassets */,
				9884A9B525C4197300040293 /* Info.plist */,
				9884A9B225C4197300040293 /* Preview Content */,
			);
			path = SwiftUITutorial02;
			sourceTree = "<group>";
		};
		9884A9B225C4197300040293 /* Preview Content */ = {
			isa = PBXGroup;
			children = (
				9884A9B325C4197300040293 /* Preview Assets.xcassets */,
			);
			path = "Preview Content";
			sourceTree = "<group>";
		};
		9884A9BD25C4197300040293 /* SwiftUITutorial02Tests */ = {
			isa = PBXGroup;
			children = (
				9884A9BE25C4197300040293 /* SwiftUITutorial02Tests.swift */,
				9884A9C025C4197300040293 /* Info.plist */,
			);
			path = SwiftUITutorial02Tests;
			sourceTree = "<group>";
		};
		9884A9C825C4197300040293 /* SwiftUITutorial02UITests */ = {
			isa = PBXGroup;
			children = (
				9884A9C925C4197300040293 /* SwiftUITutorial02UITests.swift */,
				9884A9CB25C4197300040293 /* Info.plist */,
			);
			path = SwiftUITutorial02UITests;
			sourceTree = "<group>";
		};
		9884A9E125C419E500040293 /* Resources */ = {
			isa = PBXGroup;
			children = (
				9884A9E225C419F900040293 /* landmarkData.json */,
			);
			path = Resources;
			sourceTree = "<group>";
		};
		9884AA1625C41BAF00040293 /* Views */ = {
			isa = PBXGroup;
			children = (
				9884A9AE25C4197200040293 /* ContentView.swift */,
				9884A9DA25C4198B00040293 /* CircleImage.swift */,
				9884A9DB25C4198B00040293 /* MapView.swift */,
				9884AA1825C41BF700040293 /* LandmarkRow.swift */,
				9884AA1D25C41E5D00040293 /* LandmarkList.swift */,
				9884AA2225C41FB500040293 /* LandmarkDetail.swift */,
			);
			path = Views;
			sourceTree = "<group>";
		};
		9884AA1725C41BBF00040293 /* Model */ = {
			isa = PBXGroup;
			children = (
				9884AA0925C41AB500040293 /* Landmark.swift */,
				9884AA1125C41B5600040293 /* ModelData.swift */,
			);
			path = Model;
			sourceTree = "<group>";
		};
/* End PBXGroup section */

/* Begin PBXNativeTarget section */
		9884A9A825C4197200040293 /* SwiftUITutorial02 */ = {
			isa = PBXNativeTarget;
			buildConfigurationList = 9884A9CE25C4197300040293 /* Build configuration list for PBXNativeTarget "SwiftUITutorial02" */;
			buildPhases = (
				9884A9A525C4197200040293 /* Sources */,
				9884A9A625C4197200040293 /* Frameworks */,
				9884A9A725C4197200040293 /* Resources */,
			);
			buildRules = (
			);
			dependencies = (
			);
			name = SwiftUITutorial02;
			productName = SwiftUITutorial02;
			productReference = 9884A9A925C4197200040293 /* SwiftUITutorial02.app */;
			productType = "com.apple.product-type.application";
		};
		9884A9B925C4197300040293 /* SwiftUITutorial02Tests */ = {
			isa = PBXNativeTarget;
			buildConfigurationList = 9884A9D125C4197300040293 /* Build configuration list for PBXNativeTarget "SwiftUITutorial02Tests" */;
			buildPhases = (
				9884A9B625C4197300040293 /* Sources */,
				9884A9B725C4197300040293 /* Frameworks */,
				9884A9B825C4197300040293 /* Resources */,
			);
			buildRules = (
			);
			dependencies = (
				9884A9BC25C4197300040293 /* PBXTargetDependency */,
			);
			name = SwiftUITutorial02Tests;
			productName = SwiftUITutorial02Tests;
			productReference = 9884A9BA25C4197300040293 /* SwiftUITutorial02Tests.xctest */;
			productType = "com.apple.product-type.bundle.unit-test";
		};
		9884A9C425C4197300040293 /* SwiftUITutorial02UITests */ = {
			isa = PBXNativeTarget;
			buildConfigurationList = 9884A9D425C4197300040293 /* Build configuration list for PBXNativeTarget "SwiftUITutorial02UITests" */;
			buildPhases = (
				9884A9C125C4197300040293 /* Sources */,
				9884A9C225C4197300040293 /* Frameworks */,
				9884A9C325C4197300040293 /* Resources */,
			);
			buildRules = (
			);
			dependencies = (
				9884A9C725C4197300040293 /* PBXTargetDependency */,
			);
			name = SwiftUITutorial02UITests;
			productName = SwiftUITutorial02UITests;
			productReference = 9884A9C525C4197300040293 /* SwiftUITutorial02UITests.xctest */;
			productType = "com.apple.product-type.bundle.ui-testing";
		};
/* End PBXNativeTarget section */

/* Begin PBXProject section */
		9884A9A125C4197200040293 /* Project object */ = {
			isa = PBXProject;
			attributes = {
				LastSwiftUpdateCheck = 1220;
				LastUpgradeCheck = 1220;
				TargetAttributes = {
					9884A9A825C4197200040293 = {
						CreatedOnToolsVersion = 12.2;
					};
					9884A9B925C4197300040293 = {
						CreatedOnToolsVersion = 12.2;
						TestTargetID = 9884A9A825C4197200040293;
					};
					9884A9C425C4197300040293 = {
						CreatedOnToolsVersion = 12.2;
						TestTargetID = 9884A9A825C4197200040293;
					};
				};
			};
			buildConfigurationList = 9884A9A425C4197200040293 /* Build configuration list for PBXProject "SwiftUITutorial02" */;
			compatibilityVersion = "Xcode 9.3";
			developmentRegion = en;
			hasScannedForEncodings = 0;
			knownRegions = (
				en,
				Base,
			);
			mainGroup = 9884A9A025C4197200040293;
			productRefGroup = 9884A9AA25C4197200040293 /* Products */;
			projectDirPath = "";
			projectRoot = "";
			targets = (
				9884A9A825C4197200040293 /* SwiftUITutorial02 */,
				9884A9B925C4197300040293 /* SwiftUITutorial02Tests */,
				9884A9C425C4197300040293 /* SwiftUITutorial02UITests */,
			);
		};
/* End PBXProject section */

/* Begin PBXResourcesBuildPhase section */
		9884A9A725C4197200040293 /* Resources */ = {
			isa = PBXResourcesBuildPhase;
			buildActionMask = 2147483647;
			files = (
				9884A9B425C4197300040293 /* Preview Assets.xcassets in Resources */,
				9884A9B125C4197300040293 /* Assets.xcassets in Resources */,
				9884A9EF25C419FE00040293 /* landmarkData.json in Resources */,
			);
			runOnlyForDeploymentPostprocessing = 0;
		};
		9884A9B825C4197300040293 /* Resources */ = {
			isa = PBXResourcesBuildPhase;
			buildActionMask = 2147483647;
			files = (
			);
			runOnlyForDeploymentPostprocessing = 0;
		};
		9884A9C325C4197300040293 /* Resources */ = {
			isa = PBXResourcesBuildPhase;
			buildActionMask = 2147483647;
			files = (
			);
			runOnlyForDeploymentPostprocessing = 0;
		};
/* End PBXResourcesBuildPhase section */

/* Begin PBXSourcesBuildPhase section */
		9884A9A525C4197200040293 /* Sources */ = {
			isa = PBXSourcesBuildPhase;
			buildActionMask = 2147483647;
			files = (
				9884A9AF25C4197200040293 /* ContentView.swift in Sources */,
				9884A9DD25C4198B00040293 /* MapView.swift in Sources */,
				9884A9AD25C4197200040293 /* SwiftUITutorial02App.swift in Sources */,
				9884AA1E25C41E5D00040293 /* LandmarkList.swift in Sources */,
				9884AA2325C41FB500040293 /* LandmarkDetail.swift in Sources */,
				9884A9DC25C4198B00040293 /* CircleImage.swift in Sources */,
				9884AA0A25C41AB500040293 /* Landmark.swift in Sources */,
				9884AA1925C41BF700040293 /* LandmarkRow.swift in Sources */,
				9884AA1225C41B5600040293 /* ModelData.swift in Sources */,
			);
			runOnlyForDeploymentPostprocessing = 0;
		};
		9884A9B625C4197300040293 /* Sources */ = {
			isa = PBXSourcesBuildPhase;
			buildActionMask = 2147483647;
			files = (
				9884A9BF25C4197300040293 /* SwiftUITutorial02Tests.swift in Sources */,
			);
			runOnlyForDeploymentPostprocessing = 0;
		};
		9884A9C125C4197300040293 /* Sources */ = {
			isa = PBXSourcesBuildPhase;
			buildActionMask = 2147483647;
			files = (
				9884A9CA25C4197300040293 /* SwiftUITutorial02UITests.swift in Sources */,
			);
			runOnlyForDeploymentPostprocessing = 0;
		};
/* End PBXSourcesBuildPhase section */

/* Begin PBXTargetDependency section */
		9884A9BC25C4197300040293 /* PBXTargetDependency */ = {
			isa = PBXTargetDependency;
			target = 9884A9A825C4197200040293 /* SwiftUITutorial02 */;
			targetProxy = 9884A9BB25C4197300040293 /* PBXContainerItemProxy */;
		};
		9884A9C725C4197300040293 /* PBXTargetDependency */ = {
			isa = PBXTargetDependency;
			target = 9884A9A825C4197200040293 /* SwiftUITutorial02 */;
			targetProxy = 9884A9C625C4197300040293 /* PBXContainerItemProxy */;
		};
/* End PBXTargetDependency section */

/* Begin XCBuildConfiguration section */
		9884A9CC25C4197300040293 /* Debug */ = {
			isa = XCBuildConfiguration;
			buildSettings = {
				ALWAYS_SEARCH_USER_PATHS = NO;
				CLANG_ANALYZER_NONNULL = YES;
				CLANG_ANALYZER_NUMBER_OBJECT_CONVERSION = YES_AGGRESSIVE;
				CLANG_CXX_LANGUAGE_STANDARD = "gnu++14";
				CLANG_CXX_LIBRARY = "libc++";
				CLANG_ENABLE_MODULES = YES;
				CLANG_ENABLE_OBJC_ARC = YES;
				CLANG_ENABLE_OBJC_WEAK = YES;
				CLANG_WARN_BLOCK_CAPTURE_AUTORELEASING = YES;
				CLANG_WARN_BOOL_CONVERSION = YES;
				CLANG_WARN_COMMA = YES;
				CLANG_WARN_CONSTANT_CONVERSION = YES;
				CLANG_WARN_DEPRECATED_OBJC_IMPLEMENTATIONS = YES;
				CLANG_WARN_DIRECT_OBJC_ISA_USAGE = YES_ERROR;
				CLANG_WARN_DOCUMENTATION_COMMENTS = YES;
				CLANG_WARN_EMPTY_BODY = YES;
				CLANG_WARN_ENUM_CONVERSION = YES;
				CLANG_WARN_INFINITE_RECURSION = YES;
				CLANG_WARN_INT_CONVERSION = YES;
				CLANG_WARN_NON_LITERAL_NULL_CONVERSION = YES;
				CLANG_WARN_OBJC_IMPLICIT_RETAIN_SELF = YES;
				CLANG_WARN_OBJC_LITERAL_CONVERSION = YES;
				CLANG_WARN_OBJC_ROOT_CLASS = YES_ERROR;
				CLANG_WARN_QUOTED_INCLUDE_IN_FRAMEWORK_HEADER = YES;
				CLANG_WARN_RANGE_LOOP_ANALYSIS = YES;
				CLANG_WARN_STRICT_PROTOTYPES = YES;
				CLANG_WARN_SUSPICIOUS_MOVE = YES;
				CLANG_WARN_UNGUARDED_AVAILABILITY = YES_AGGRESSIVE;
				CLANG_WARN_UNREACHABLE_CODE = YES;
				CLANG_WARN__DUPLICATE_METHOD_MATCH = YES;
				COPY_PHASE_STRIP = NO;
				DEBUG_INFORMATION_FORMAT = dwarf;
				ENABLE_STRICT_OBJC_MSGSEND = YES;
				ENABLE_TESTABILITY = YES;
				GCC_C_LANGUAGE_STANDARD = gnu11;
				GCC_DYNAMIC_NO_PIC = NO;
				GCC_NO_COMMON_BLOCKS = YES;
				GCC_OPTIMIZATION_LEVEL = 0;
				GCC_PREPROCESSOR_DEFINITIONS = (
					"DEBUG=1",
					"$(inherited)",
				);
				GCC_WARN_64_TO_32_BIT_CONVERSION = YES;
				GCC_WARN_ABOUT_RETURN_TYPE = YES_ERROR;
				GCC_WARN_UNDECLARED_SELECTOR = YES;
				GCC_WARN_UNINITIALIZED_AUTOS = YES_AGGRESSIVE;
				GCC_WARN_UNUSED_FUNCTION = YES;
				GCC_WARN_UNUSED_VARIABLE = YES;
				IPHONEOS_DEPLOYMENT_TARGET = 14.2;
				MTL_ENABLE_DEBUG_INFO = INCLUDE_SOURCE;
				MTL_FAST_MATH = YES;
				ONLY_ACTIVE_ARCH = YES;
				SDKROOT = iphoneos;
				SWIFT_ACTIVE_COMPILATION_CONDITIONS = DEBUG;
				SWIFT_OPTIMIZATION_LEVEL = "-Onone";
			};
			name = Debug;
		};
		9884A9CD25C4197300040293 /* Release */ = {
			isa = XCBuildConfiguration;
			buildSettings = {
				ALWAYS_SEARCH_USER_PATHS = NO;
				CLANG_ANALYZER_NONNULL = YES;
				CLANG_ANALYZER_NUMBER_OBJECT_CONVERSION = YES_AGGRESSIVE;
				CLANG_CXX_LANGUAGE_STANDARD = "gnu++14";
				CLANG_CXX_LIBRARY = "libc++";
				CLANG_ENABLE_MODULES = YES;
				CLANG_ENABLE_OBJC_ARC = YES;
				CLANG_ENABLE_OBJC_WEAK = YES;
				CLANG_WARN_BLOCK_CAPTURE_AUTORELEASING = YES;
				CLANG_WARN_BOOL_CONVERSION = YES;
				CLANG_WARN_COMMA = YES;
				CLANG_WARN_CONSTANT_CONVERSION = YES;
				CLANG_WARN_DEPRECATED_OBJC_IMPLEMENTATIONS = YES;
				CLANG_WARN_DIRECT_OBJC_ISA_USAGE = YES_ERROR;
				CLANG_WARN_DOCUMENTATION_COMMENTS = YES;
				CLANG_WARN_EMPTY_BODY = YES;
				CLANG_WARN_ENUM_CONVERSION = YES;
				CLANG_WARN_INFINITE_RECURSION = YES;
				CLANG_WARN_INT_CONVERSION = YES;
				CLANG_WARN_NON_LITERAL_NULL_CONVERSION = YES;
				CLANG_WARN_OBJC_IMPLICIT_RETAIN_SELF = YES;
				CLANG_WARN_OBJC_LITERAL_CONVERSION = YES;
				CLANG_WARN_OBJC_ROOT_CLASS = YES_ERROR;
				CLANG_WARN_QUOTED_INCLUDE_IN_FRAMEWORK_HEADER = YES;
				CLANG_WARN_RANGE_LOOP_ANALYSIS = YES;
				CLANG_WARN_STRICT_PROTOTYPES = YES;
				CLANG_WARN_SUSPICIOUS_MOVE = YES;
				CLANG_WARN_UNGUARDED_AVAILABILITY = YES_AGGRESSIVE;
				CLANG_WARN_UNREACHABLE_CODE = YES;
				CLANG_WARN__DUPLICATE_METHOD_MATCH = YES;
				COPY_PHASE_STRIP = NO;
				DEBUG_INFORMATION_FORMAT = "dwarf-with-dsym";
				ENABLE_NS_ASSERTIONS = NO;
				ENABLE_STRICT_OBJC_MSGSEND = YES;
				GCC_C_LANGUAGE_STANDARD = gnu11;
				GCC_NO_COMMON_BLOCKS = YES;
				GCC_WARN_64_TO_32_BIT_CONVERSION = YES;
				GCC_WARN_ABOUT_RETURN_TYPE = YES_ERROR;
				GCC_WARN_UNDECLARED_SELECTOR = YES;
				GCC_WARN_UNINITIALIZED_AUTOS = YES_AGGRESSIVE;
				GCC_WARN_UNUSED_FUNCTION = YES;
				GCC_WARN_UNUSED_VARIABLE = YES;
				IPHONEOS_DEPLOYMENT_TARGET = 14.2;
				MTL_ENABLE_DEBUG_INFO = NO;
				MTL_FAST_MATH = YES;
				SDKROOT = iphoneos;
				SWIFT_COMPILATION_MODE = wholemodule;
				SWIFT_OPTIMIZATION_LEVEL = "-O";
				VALIDATE_PRODUCT = YES;
			};
			name = Release;
		};
		9884A9CF25C4197300040293 /* Debug */ = {
			isa = XCBuildConfiguration;
			buildSettings = {
				ASSETCATALOG_COMPILER_APPICON_NAME = AppIcon;
				ASSETCATALOG_COMPILER_GLOBAL_ACCENT_COLOR_NAME = AccentColor;
				CODE_SIGN_STYLE = Automatic;
				DEVELOPMENT_ASSET_PATHS = "\"SwiftUITutorial02/Preview Content\"";
				DEVELOPMENT_TEAM = 7H29E2K9E3;
				ENABLE_PREVIEWS = YES;
				INFOPLIST_FILE = SwiftUITutorial02/Info.plist;
				IPHONEOS_DEPLOYMENT_TARGET = 14.0;
				LD_RUNPATH_SEARCH_PATHS = (
					"$(inherited)",
					"@executable_path/Frameworks",
				);
				PRODUCT_BUNDLE_IDENTIFIER = com.walteralex.SwiftUITutorial02;
				PRODUCT_NAME = "$(TARGET_NAME)";
				SWIFT_VERSION = 5.0;
				TARGETED_DEVICE_FAMILY = "1,2";
			};
			name = Debug;
		};
		9884A9D025C4197300040293 /* Release */ = {
			isa = XCBuildConfiguration;
			buildSettings = {
				ASSETCATALOG_COMPILER_APPICON_NAME = AppIcon;
				ASSETCATALOG_COMPILER_GLOBAL_ACCENT_COLOR_NAME = AccentColor;
				CODE_SIGN_STYLE = Automatic;
				DEVELOPMENT_ASSET_PATHS = "\"SwiftUITutorial02/Preview Content\"";
				DEVELOPMENT_TEAM = 7H29E2K9E3;
				ENABLE_PREVIEWS = YES;
				INFOPLIST_FILE = SwiftUITutorial02/Info.plist;
				IPHONEOS_DEPLOYMENT_TARGET = 14.0;
				LD_RUNPATH_SEARCH_PATHS = (
					"$(inherited)",
					"@executable_path/Frameworks",
				);
				PRODUCT_BUNDLE_IDENTIFIER = com.walteralex.SwiftUITutorial02;
				PRODUCT_NAME = "$(TARGET_NAME)";
				SWIFT_VERSION = 5.0;
				TARGETED_DEVICE_FAMILY = "1,2";
			};
			name = Release;
		};
		9884A9D225C4197300040293 /* Debug */ = {
			isa = XCBuildConfiguration;
			buildSettings = {
				ALWAYS_EMBED_SWIFT_STANDARD_LIBRARIES = YES;
				BUNDLE_LOADER = "$(TEST_HOST)";
				CODE_SIGN_STYLE = Automatic;
				DEVELOPMENT_TEAM = 7H29E2K9E3;
				INFOPLIST_FILE = SwiftUITutorial02Tests/Info.plist;
				IPHONEOS_DEPLOYMENT_TARGET = 14.0;
				LD_RUNPATH_SEARCH_PATHS = (
					"$(inherited)",
					"@executable_path/Frameworks",
					"@loader_path/Frameworks",
				);
				PRODUCT_BUNDLE_IDENTIFIER = com.walteralex.SwiftUITutorial02Tests;
				PRODUCT_NAME = "$(TARGET_NAME)";
				SWIFT_VERSION = 5.0;
				TARGETED_DEVICE_FAMILY = "1,2";
				TEST_HOST = "$(BUILT_PRODUCTS_DIR)/SwiftUITutorial02.app/SwiftUITutorial02";
			};
			name = Debug;
		};
		9884A9D325C4197300040293 /* Release */ = {
			isa = XCBuildConfiguration;
			buildSettings = {
				ALWAYS_EMBED_SWIFT_STANDARD_LIBRARIES = YES;
				BUNDLE_LOADER = "$(TEST_HOST)";
				CODE_SIGN_STYLE = Automatic;
				DEVELOPMENT_TEAM = 7H29E2K9E3;
				INFOPLIST_FILE = SwiftUITutorial02Tests/Info.plist;
				IPHONEOS_DEPLOYMENT_TARGET = 14.0;
				LD_RUNPATH_SEARCH_PATHS = (
					"$(inherited)",
					"@executable_path/Frameworks",
					"@loader_path/Frameworks",
				);
				PRODUCT_BUNDLE_IDENTIFIER = com.walteralex.SwiftUITutorial02Tests;
				PRODUCT_NAME = "$(TARGET_NAME)";
				SWIFT_VERSION = 5.0;
				TARGETED_DEVICE_FAMILY = "1,2";
				TEST_HOST = "$(BUILT_PRODUCTS_DIR)/SwiftUITutorial02.app/SwiftUITutorial02";
			};
			name = Release;
		};
		9884A9D525C4197300040293 /* Debug */ = {
			isa = XCBuildConfiguration;
			buildSettings = {
				ALWAYS_EMBED_SWIFT_STANDARD_LIBRARIES = YES;
				CODE_SIGN_STYLE = Automatic;
				DEVELOPMENT_TEAM = 7H29E2K9E3;
				INFOPLIST_FILE = SwiftUITutorial02UITests/Info.plist;
				LD_RUNPATH_SEARCH_PATHS = (
					"$(inherited)",
					"@executable_path/Frameworks",
					"@loader_path/Frameworks",
				);
				PRODUCT_BUNDLE_IDENTIFIER = com.walteralex.SwiftUITutorial02UITests;
				PRODUCT_NAME = "$(TARGET_NAME)";
				SWIFT_VERSION = 5.0;
				TARGETED_DEVICE_FAMILY = "1,2";
				TEST_TARGET_NAME = SwiftUITutorial02;
			};
			name = Debug;
		};
		9884A9D625C4197300040293 /* Release */ = {
			isa = XCBuildConfiguration;
			buildSettings = {
				ALWAYS_EMBED_SWIFT_STANDARD_LIBRARIES = YES;
				CODE_SIGN_STYLE = Automatic;
				DEVELOPMENT_TEAM = 7H29E2K9E3;
				INFOPLIST_FILE = SwiftUITutorial02UITests/Info.plist;
				LD_RUNPATH_SEARCH_PATHS = (
					"$(inherited)",
					"@executable_path/Frameworks",
					"@loader_path/Frameworks",
				);
				PRODUCT_BUNDLE_IDENTIFIER = com.walteralex.SwiftUITutorial02UITests;
				PRODUCT_NAME = "$(TARGET_NAME)";
				SWIFT_VERSION = 5.0;
				TARGETED_DEVICE_FAMILY = "1,2";
				TEST_TARGET_NAME = SwiftUITutorial02;
			};
			name = Release;
		};
/* End XCBuildConfiguration section */

/* Begin XCConfigurationList section */
		9884A9A425C4197200040293 /* Build configuration list for PBXProject "SwiftUITutorial02" */ = {
			isa = XCConfigurationList;
			buildConfigurations = (
				9884A9CC25C4197300040293 /* Debug */,
				9884A9CD25C4197300040293 /* Release */,
			);
			defaultConfigurationIsVisible = 0;
			defaultConfigurationName = Release;
		};
		9884A9CE25C4197300040293 /* Build configuration list for PBXNativeTarget "SwiftUITutorial02" */ = {
			isa = XCConfigurationList;
			buildConfigurations = (
				9884A9CF25C4197300040293 /* Debug */,
				9884A9D025C4197300040293 /* Release */,
			);
			defaultConfigurationIsVisible = 0;
			defaultConfigurationName = Release;
		};
		9884A9D125C4197300040293 /* Build configuration list for PBXNativeTarget "SwiftUITutorial02Tests" */ = {
			isa = XCConfigurationList;
			buildConfigurations = (
				9884A9D225C4197300040293 /* Debug */,
				9884A9D325C4197300040293 /* Release */,
			);
			defaultConfigurationIsVisible = 0;
			defaultConfigurationName = Release;
		};
		9884A9D425C4197300040293 /* Build configuration list for PBXNativeTarget "SwiftUITutorial02UITests" */ = {
			isa = XCConfigurationList;
			buildConfigurations = (
				9884A9D525C4197300040293 /* Debug */,
				9884A9D625C4197300040293 /* Release */,
			);
			defaultConfigurationIsVisible = 0;
			defaultConfigurationName = Release;
		};
/* End XCConfigurationList section */
	};
	rootObject = 9884A9A125C4197200040293 /* Project object */;
}
